
Microsoft Visual Studio Solution File, Format Version 12.00
# Visual Studio Version 17
VisualStudioVersion = 17.10.35013.160
MinimumVisualStudioVersion = 10.0.40219.1
Project("{FAE04EC0-301F-11D3-BF4B-00C04F79EFBC}") = "FactorialProject", "FactorialProject.csproj", "{643FF148-2523-41E4-865B-78392AFBF903}"
EndProject
Global
	GlobalSection(SolutionConfigurationPlatforms) = preSolution
		Debug|Any CPU = Debug|Any CPU
		Release|Any CPU = Release|Any CPU
	EndGlobalSection
	GlobalSection(ProjectConfigurationPlatforms) = postSolution
		{643FF148-2523-41E4-865B-78392AFBF903}.Debug|Any CPU.ActiveCfg = Debug|Any CPU
		{643FF148-2523-41E4-865B-78392AFBF903}.Debug|Any CPU.Build.0 = Debug|Any CPU
		{643FF148-2523-41E4-865B-78392AFBF903}.Release|Any CPU.ActiveCfg = Release|Any CPU
		{643FF148-2523-41E4-865B-78392AFBF903}.Release|Any CPU.Build.0 = Release|Any CPU
	EndGlobalSection
	GlobalSection(SolutionProperties) = preSolution
		HideSolutionNode = FALSE
	EndGlobalSection
	GlobalSection(ExtensibilityGlobals) = postSolution
		SolutionGuid = {4EF92BF8-99D0-43CE-94B3-E2350B18B188}
	EndGlobalSection
EndGlobal
